// !$*UTF8*$!
{
	archiveVersion = 1;
	classes = {
	};
	objectVersion = 50;
	objects = {

/* Begin PBXBuildFile section */
		4885F6C9259A2FBA00075360 /* Demo1App.swift in Sources */ = {isa = PBXBuildFile; fileRef = 4885F6C8259A2FBA00075360 /* Demo1App.swift */; };
		4885F6CB259A2FBA00075360 /* ContentView.swift in Sources */ = {isa = PBXBuildFile; fileRef = 4885F6CA259A2FBA00075360 /* ContentView.swift */; };
		4885F6CD259A2FBE00075360 /* Assets.xcassets in Resources */ = {isa = PBXBuildFile; fileRef = 4885F6CC259A2FBE00075360 /* Assets.xcassets */; };
		4885F6D0259A2FBE00075360 /* Preview Assets.xcassets in Resources */ = {isa = PBXBuildFile; fileRef = 4885F6CF259A2FBE00075360 /* Preview Assets.xcassets */; };
		4885F6DB259A2FBF00075360 /* Demo1Tests.swift in Sources */ = {isa = PBXBuildFile; fileRef = 4885F6DA259A2FBF00075360 /* Demo1Tests.swift */; };
		4885F6E6259A2FBF00075360 /* Demo1UITests.swift in Sources */ = {isa = PBXBuildFile; fileRef = 4885F6E5259A2FBF00075360 /* Demo1UITests.swift */; };
		48A9DD09259A3A5400208480 /* ViewText.swift in Sources */ = {isa = PBXBuildFile; fileRef = 48A9DD08259A3A5400208480 /* ViewText.swift */; };
		48A9DD11259A3C3F00208480 /* ViewImage.swift in Sources */ = {isa = PBXBuildFile; fileRef = 48A9DD10259A3C3F00208480 /* ViewImage.swift */; };
		48A9DD19259A3DDE00208480 /* ViewMap.swift in Sources */ = {isa = PBXBuildFile; fileRef = 48A9DD18259A3DDE00208480 /* ViewMap.swift */; };
/* End PBXBuildFile section */

/* Begin PBXContainerItemProxy section */
		4885F6D7259A2FBF00075360 /* PBXContainerItemProxy */ = {
			isa = PBXContainerItemProxy;
			containerPortal = 4885F6BD259A2FBA00075360 /* Project object */;
			proxyType = 1;
			remoteGlobalIDString = 4885F6C4259A2FBA00075360;
			remoteInfo = Demo1;
		};
		4885F6E2259A2FBF00075360 /* PBXContainerItemProxy */ = {
			isa = PBXContainerItemProxy;
			containerPortal = 4885F6BD259A2FBA00075360 /* Project object */;
			proxyType = 1;
			remoteGlobalIDString = 4885F6C4259A2FBA00075360;
			remoteInfo = Demo1;
		};
/* End PBXContainerItemProxy section */

/* Begin PBXFileReference section */
		4885F6C5259A2FBA00075360 /* Demo1.app */ = {isa = PBXFileReference; explicitFileType = wrapper.application; includeInIndex = 0; path = Demo1.app; sourceTree = BUILT_PRODUCTS_DIR; };
		4885F6C8259A2FBA00075360 /* Demo1App.swift */ = {isa = PBXFileReference; lastKnownFileType = sourcecode.swift; path = Demo1App.swift; sourceTree = "<group>"; };
		4885F6CA259A2FBA00075360 /* ContentView.swift */ = {isa = PBXFileReference; lastKnownFileType = sourcecode.swift; path = ContentView.swift; sourceTree = "<group>"; };
		4885F6CC259A2FBE00075360 /* Assets.xcassets */ = {isa = PBXFileReference; lastKnownFileType = folder.assetcatalog; path = Assets.xcassets; sourceTree = "<group>"; };
		4885F6CF259A2FBE00075360 /* Preview Assets.xcassets */ = {isa = PBXFileReference; lastKnownFileType = folder.assetcatalog; path = "Preview Assets.xcassets"; sourceTree = "<group>"; };
		4885F6D1259A2FBE00075360 /* Info.plist */ = {isa = PBXFileReference; lastKnownFileType = text.plist.xml; path = Info.plist; sourceTree = "<group>"; };
		4885F6D6259A2FBF00075360 /* Demo1Tests.xctest */ = {isa = PBXFileReference; explicitFileType = wrapper.cfbundle; includeInIndex = 0; path = Demo1Tests.xctest; sourceTree = BUILT_PRODUCTS_DIR; };
		4885F6DA259A2FBF00075360 /* Demo1Tests.swift */ = {isa = PBXFileReference; lastKnownFileType = sourcecode.swift; path = Demo1Tests.swift; sourceTree = "<group>"; };
		4885F6DC259A2FBF00075360 /* Info.plist */ = {isa = PBXFileReference; lastKnownFileType = text.plist.xml; path = Info.plist; sourceTree = "<group>"; };
		4885F6E1259A2FBF00075360 /* Demo1UITests.xctest */ = {isa = PBXFileReference; explicitFileType = wrapper.cfbundle; includeInIndex = 0; path = Demo1UITests.xctest; sourceTree = BUILT_PRODUCTS_DIR; };
		4885F6E5259A2FBF00075360 /* Demo1UITests.swift */ = {isa = PBXFileReference; lastKnownFileType = sourcecode.swift; path = Demo1UITests.swift; sourceTree = "<group>"; };
		4885F6E7259A2FBF00075360 /* Info.plist */ = {isa = PBXFileReference; lastKnownFileType = text.plist.xml; path = Info.plist; sourceTree = "<group>"; };
		48A9DD08259A3A5400208480 /* ViewText.swift */ = {isa = PBXFileReference; lastKnownFileType = sourcecode.swift; path = ViewText.swift; sourceTree = "<group>"; };
		48A9DD10259A3C3F00208480 /* ViewImage.swift */ = {isa = PBXFileReference; lastKnownFileType = sourcecode.swift; path = ViewImage.swift; sourceTree = "<group>"; };
		48A9DD18259A3DDE00208480 /* ViewMap.swift */ = {isa = PBXFileReference; lastKnownFileType = sourcecode.swift; path = ViewMap.swift; sourceTree = "<group>"; };
/* End PBXFileReference section */

/* Begin PBXFrameworksBuildPhase section */
		4885F6C2259A2FBA00075360 /* Frameworks */ = {
			isa = PBXFrameworksBuildPhase;
			buildActionMask = 2147483647;
			files = (
			);
			runOnlyForDeploymentPostprocessing = 0;
		};
		4885F6D3259A2FBF00075360 /* Frameworks */ = {
			isa = PBXFrameworksBuildPhase;
			buildActionMask = 2147483647;
			files = (
			);
			runOnlyForDeploymentPostprocessing = 0;
		};
		4885F6DE259A2FBF00075360 /* Frameworks */ = {
			isa = PBXFrameworksBuildPhase;
			buildActionMask = 2147483647;
			files = (
			);
			runOnlyForDeploymentPostprocessing = 0;
		};
/* End PBXFrameworksBuildPhase section */

/* Begin PBXGroup section */
		4885F6BC259A2FBA00075360 = {
			isa = PBXGroup;
			children = (
				4885F6C7259A2FBA00075360 /* Demo1 */,
				4885F6D9259A2FBF00075360 /* Demo1Tests */,
				4885F6E4259A2FBF00075360 /* Demo1UITests */,
				4885F6C6259A2FBA00075360 /* Products */,
			);
			sourceTree = "<group>";
		};
		4885F6C6259A2FBA00075360 /* Products */ = {
			isa = PBXGroup;
			children = (
				4885F6C5259A2FBA00075360 /* Demo1.app */,
				4885F6D6259A2FBF00075360 /* Demo1Tests.xctest */,
				4885F6E1259A2FBF00075360 /* Demo1UITests.xctest */,
			);
			name = Products;
			sourceTree = "<group>";
		};
		4885F6C7259A2FBA00075360 /* Demo1 */ = {
			isa = PBXGroup;
			children = (
				4885F6C8259A2FBA00075360 /* Demo1App.swift */,
				4885F6CA259A2FBA00075360 /* ContentView.swift */,
				48A9DD08259A3A5400208480 /* ViewText.swift */,
				48A9DD10259A3C3F00208480 /* ViewImage.swift */,
				48A9DD18259A3DDE00208480 /* ViewMap.swift */,
				4885F6CC259A2FBE00075360 /* Assets.xcassets */,
				4885F6D1259A2FBE00075360 /* Info.plist */,
				4885F6CE259A2FBE00075360 /* Preview Content */,
			);
			path = Demo1;
			sourceTree = "<group>";
		};
		4885F6CE259A2FBE00075360 /* Preview Content */ = {
			isa = PBXGroup;
			children = (
				4885F6CF259A2FBE00075360 /* Preview Assets.xcassets */,
			);
			path = "Preview Content";
			sourceTree = "<group>";
		};
		4885F6D9259A2FBF00075360 /* Demo1Tests */ = {
			isa = PBXGroup;
			children = (
				4885F6DA259A2FBF00075360 /* Demo1Tests.swift */,
				4885F6DC259A2FBF00075360 /* Info.plist */,
			);
			path = Demo1Tests;
			sourceTree = "<group>";
		};
		4885F6E4259A2FBF00075360 /* Demo1UITests */ = {
			isa = PBXGroup;
			children = (
				4885F6E5259A2FBF00075360 /* Demo1UITests.swift */,
				4885F6E7259A2FBF00075360 /* Info.plist */,
			);
			path = Demo1UITests;
			sourceTree = "<group>";
		};
/* End PBXGroup section */

/* Begin PBXNativeTarget section */
		4885F6C4259A2FBA00075360 /* Demo1 */ = {
			isa = PBXNativeTarget;
			buildConfigurationList = 4885F6EA259A2FBF00075360 /* Build configuration list for PBXNativeTarget "Demo1" */;
			buildPhases = (
				4885F6C1259A2FBA00075360 /* Sources */,
				4885F6C2259A2FBA00075360 /* Frameworks */,
				4885F6C3259A2FBA00075360 /* Resources */,
			);
			buildRules = (
			);
			dependencies = (
			);
			name = Demo1;
			productName = Demo1;
			productReference = 4885F6C5259A2FBA00075360 /* Demo1.app */;
			productType = "com.apple.product-type.application";
		};
		4885F6D5259A2FBF00075360 /* Demo1Tests */ = {
			isa = PBXNativeTarget;
			buildConfigurationList = 4885F6ED259A2FBF00075360 /* Build configuration list for PBXNativeTarget "Demo1Tests" */;
			buildPhases = (
				4885F6D2259A2FBF00075360 /* Sources */,
				4885F6D3259A2FBF00075360 /* Frameworks */,
				4885F6D4259A2FBF00075360 /* Resources */,
			);
			buildRules = (
			);
			dependencies = (
				4885F6D8259A2FBF00075360 /* PBXTargetDependency */,
			);
			name = Demo1Tests;
			productName = Demo1Tests;
			productReference = 4885F6D6259A2FBF00075360 /* Demo1Tests.xctest */;
			productType = "com.apple.product-type.bundle.unit-test";
		};
		4885F6E0259A2FBF00075360 /* Demo1UITests */ = {
			isa = PBXNativeTarget;
			buildConfigurationList = 4885F6F0259A2FBF00075360 /* Build configuration list for PBXNativeTarget "Demo1UITests" */;
			buildPhases = (
				4885F6DD259A2FBF00075360 /* Sources */,
				4885F6DE259A2FBF00075360 /* Frameworks */,
				4885F6DF259A2FBF00075360 /* Resources */,
			);
			buildRules = (
			);
			dependencies = (
				4885F6E3259A2FBF00075360 /* PBXTargetDependency */,
			);
			name = Demo1UITests;
			productName = Demo1UITests;
			productReference = 4885F6E1259A2FBF00075360 /* Demo1UITests.xctest */;
			productType = "com.apple.product-type.bundle.ui-testing";
		};
/* End PBXNativeTarget section */

/* Begin PBXProject section */
		4885F6BD259A2FBA00075360 /* Project object */ = {
			isa = PBXProject;
			attributes = {
				LastSwiftUpdateCheck = 1230;
				LastUpgradeCheck = 1230;
				TargetAttributes = {
					4885F6C4259A2FBA00075360 = {
						CreatedOnToolsVersion = 12.3;
					};
					4885F6D5259A2FBF00075360 = {
						CreatedOnToolsVersion = 12.3;
						TestTargetID = 4885F6C4259A2FBA00075360;
					};
					4885F6E0259A2FBF00075360 = {
						CreatedOnToolsVersion = 12.3;
						TestTargetID = 4885F6C4259A2FBA00075360;
					};
				};
			};
			buildConfigurationList = 4885F6C0259A2FBA00075360 /* Build configuration list for PBXProject "Demo1" */;
			compatibilityVersion = "Xcode 9.3";
			developmentRegion = en;
			hasScannedForEncodings = 0;
			knownRegions = (
				en,
				Base,
			);
			mainGroup = 4885F6BC259A2FBA00075360;
			productRefGroup = 4885F6C6259A2FBA00075360 /* Products */;
			projectDirPath = "";
			projectRoot = "";
			targets = (
				4885F6C4259A2FBA00075360 /* Demo1 */,
				4885F6D5259A2FBF00075360 /* Demo1Tests */,
				4885F6E0259A2FBF00075360 /* Demo1UITests */,
			);
		};
/* End PBXProject section */

/* Begin PBXResourcesBuildPhase section */
		4885F6C3259A2FBA00075360 /* Resources */ = {
			isa = PBXResourcesBuildPhase;
			buildActionMask = 2147483647;
			files = (
				4885F6D0259A2FBE00075360 /* Preview Assets.xcassets in Resources */,
				4885F6CD259A2FBE00075360 /* Assets.xcassets in Resources */,
			);
			runOnlyForDeploymentPostprocessing = 0;
		};
		4885F6D4259A2FBF00075360 /* Resources */ = {
			isa = PBXResourcesBuildPhase;
			buildActionMask = 2147483647;
			files = (
			);
			runOnlyForDeploymentPostprocessing = 0;
		};
		4885F6DF259A2FBF00075360 /* Resources */ = {
			isa = PBXResourcesBuildPhase;
			buildActionMask = 2147483647;
			files = (
			);
			runOnlyForDeploymentPostprocessing = 0;
		};
/* End PBXResourcesBuildPhase section */

/* Begin PBXSourcesBuildPhase section */
		4885F6C1259A2FBA00075360 /* Sources */ = {
			isa = PBXSourcesBuildPhase;
			buildActionMask = 2147483647;
			files = (
				48A9DD11259A3C3F00208480 /* ViewImage.swift in Sources */,
				48A9DD09259A3A5400208480 /* ViewText.swift in Sources */,
				4885F6CB259A2FBA00075360 /* ContentView.swift in Sources */,
				48A9DD19259A3DDE00208480 /* ViewMap.swift in Sources */,
				4885F6C9259A2FBA00075360 /* Demo1App.swift in Sources */,
			);
			runOnlyForDeploymentPostprocessing = 0;
		};
		4885F6D2259A2FBF00075360 /* Sources */ = {
			isa = PBXSourcesBuildPhase;
			buildActionMask = 2147483647;
			files = (
				4885F6DB259A2FBF00075360 /* Demo1Tests.swift in Sources */,
			);
			runOnlyForDeploymentPostprocessing = 0;
		};
		4885F6DD259A2FBF00075360 /* Sources */ = {
			isa = PBXSourcesBuildPhase;
			buildActionMask = 2147483647;
			files = (
				4885F6E6259A2FBF00075360 /* Demo1UITests.swift in Sources */,
			);
			runOnlyForDeploymentPostprocessing = 0;
		};
/* End PBXSourcesBuildPhase section */

/* Begin PBXTargetDependency section */
		4885F6D8259A2FBF00075360 /* PBXTargetDependency */ = {
			isa = PBXTargetDependency;
			target = 4885F6C4259A2FBA00075360 /* Demo1 */;
			targetProxy = 4885F6D7259A2FBF00075360 /* PBXContainerItemProxy */;
		};
		4885F6E3259A2FBF00075360 /* PBXTargetDependency */ = {
			isa = PBXTargetDependency;
			target = 4885F6C4259A2FBA00075360 /* Demo1 */;
			targetProxy = 4885F6E2259A2FBF00075360 /* PBXContainerItemProxy */;
		};
/* End PBXTargetDependency section */

/* Begin XCBuildConfiguration section */
		4885F6E8259A2FBF00075360 /* Debug */ = {
			isa = XCBuildConfiguration;
			buildSettings = {
				ALWAYS_SEARCH_USER_PATHS = NO;
				CLANG_ANALYZER_NONNULL = YES;
				CLANG_ANALYZER_NUMBER_OBJECT_CONVERSION = YES_AGGRESSIVE;
				CLANG_CXX_LANGUAGE_STANDARD = "gnu++14";
				CLANG_CXX_LIBRARY = "libc++";
				CLANG_ENABLE_MODULES = YES;
				CLANG_ENABLE_OBJC_ARC = YES;
				CLANG_ENABLE_OBJC_WEAK = YES;
				CLANG_WARN_BLOCK_CAPTURE_AUTORELEASING = YES;
				CLANG_WARN_BOOL_CONVERSION = YES;
				CLANG_WARN_COMMA = YES;
				CLANG_WARN_CONSTANT_CONVERSION = YES;
				CLANG_WARN_DEPRECATED_OBJC_IMPLEMENTATIONS = YES;
				CLANG_WARN_DIRECT_OBJC_ISA_USAGE = YES_ERROR;
				CLANG_WARN_DOCUMENTATION_COMMENTS = YES;
				CLANG_WARN_EMPTY_BODY = YES;
				CLANG_WARN_ENUM_CONVERSION = YES;
				CLANG_WARN_INFINITE_RECURSION = YES;
				CLANG_WARN_INT_CONVERSION = YES;
				CLANG_WARN_NON_LITERAL_NULL_CONVERSION = YES;
				CLANG_WARN_OBJC_IMPLICIT_RETAIN_SELF = YES;
				CLANG_WARN_OBJC_LITERAL_CONVERSION = YES;
				CLANG_WARN_OBJC_ROOT_CLASS = YES_ERROR;
				CLANG_WARN_QUOTED_INCLUDE_IN_FRAMEWORK_HEADER = YES;
				CLANG_WARN_RANGE_LOOP_ANALYSIS = YES;
				CLANG_WARN_STRICT_PROTOTYPES = YES;
				CLANG_WARN_SUSPICIOUS_MOVE = YES;
				CLANG_WARN_UNGUARDED_AVAILABILITY = YES_AGGRESSIVE;
				CLANG_WARN_UNREACHABLE_CODE = YES;
				CLANG_WARN__DUPLICATE_METHOD_MATCH = YES;
				COPY_PHASE_STRIP = NO;
				DEBUG_INFORMATION_FORMAT = dwarf;
				ENABLE_STRICT_OBJC_MSGSEND = YES;
				ENABLE_TESTABILITY = YES;
				GCC_C_LANGUAGE_STANDARD = gnu11;
				GCC_DYNAMIC_NO_PIC = NO;
				GCC_NO_COMMON_BLOCKS = YES;
				GCC_OPTIMIZATION_LEVEL = 0;
				GCC_PREPROCESSOR_DEFINITIONS = (
					"DEBUG=1",
					"$(inherited)",
				);
				GCC_WARN_64_TO_32_BIT_CONVERSION = YES;
				GCC_WARN_ABOUT_RETURN_TYPE = YES_ERROR;
				GCC_WARN_UNDECLARED_SELECTOR = YES;
				GCC_WARN_UNINITIALIZED_AUTOS = YES_AGGRESSIVE;
				GCC_WARN_UNUSED_FUNCTION = YES;
				GCC_WARN_UNUSED_VARIABLE = YES;
				IPHONEOS_DEPLOYMENT_TARGET = 14.3;
				MTL_ENABLE_DEBUG_INFO = INCLUDE_SOURCE;
				MTL_FAST_MATH = YES;
				ONLY_ACTIVE_ARCH = YES;
				SDKROOT = iphoneos;
				SWIFT_ACTIVE_COMPILATION_CONDITIONS = DEBUG;
				SWIFT_OPTIMIZATION_LEVEL = "-Onone";
			};
			name = Debug;
		};
		4885F6E9259A2FBF00075360 /* Release */ = {
			isa = XCBuildConfiguration;
			buildSettings = {
				ALWAYS_SEARCH_USER_PATHS = NO;
				CLANG_ANALYZER_NONNULL = YES;
				CLANG_ANALYZER_NUMBER_OBJECT_CONVERSION = YES_AGGRESSIVE;
				CLANG_CXX_LANGUAGE_STANDARD = "gnu++14";
				CLANG_CXX_LIBRARY = "libc++";
				CLANG_ENABLE_MODULES = YES;
				CLANG_ENABLE_OBJC_ARC = YES;
				CLANG_ENABLE_OBJC_WEAK = YES;
				CLANG_WARN_BLOCK_CAPTURE_AUTORELEASING = YES;
				CLANG_WARN_BOOL_CONVERSION = YES;
				CLANG_WARN_COMMA = YES;
				CLANG_WARN_CONSTANT_CONVERSION = YES;
				CLANG_WARN_DEPRECATED_OBJC_IMPLEMENTATIONS = YES;
				CLANG_WARN_DIRECT_OBJC_ISA_USAGE = YES_ERROR;
				CLANG_WARN_DOCUMENTATION_COMMENTS = YES;
				CLANG_WARN_EMPTY_BODY = YES;
				CLANG_WARN_ENUM_CONVERSION = YES;
				CLANG_WARN_INFINITE_RECURSION = YES;
				CLANG_WARN_INT_CONVERSION = YES;
				CLANG_WARN_NON_LITERAL_NULL_CONVERSION = YES;
				CLANG_WARN_OBJC_IMPLICIT_RETAIN_SELF = YES;
				CLANG_WARN_OBJC_LITERAL_CONVERSION = YES;
				CLANG_WARN_OBJC_ROOT_CLASS = YES_ERROR;
				CLANG_WARN_QUOTED_INCLUDE_IN_FRAMEWORK_HEADER = YES;
				CLANG_WARN_RANGE_LOOP_ANALYSIS = YES;
				CLANG_WARN_STRICT_PROTOTYPES = YES;
				CLANG_WARN_SUSPICIOUS_MOVE = YES;
				CLANG_WARN_UNGUARDED_AVAILABILITY = YES_AGGRESSIVE;
				CLANG_WARN_UNREACHABLE_CODE = YES;
				CLANG_WARN__DUPLICATE_METHOD_MATCH = YES;
				COPY_PHASE_STRIP = NO;
				DEBUG_INFORMATION_FORMAT = "dwarf-with-dsym";
				ENABLE_NS_ASSERTIONS = NO;
				ENABLE_STRICT_OBJC_MSGSEND = YES;
				GCC_C_LANGUAGE_STANDARD = gnu11;
				GCC_NO_COMMON_BLOCKS = YES;
				GCC_WARN_64_TO_32_BIT_CONVERSION = YES;
				GCC_WARN_ABOUT_RETURN_TYPE = YES_ERROR;
				GCC_WARN_UNDECLARED_SELECTOR = YES;
				GCC_WARN_UNINITIALIZED_AUTOS = YES_AGGRESSIVE;
				GCC_WARN_UNUSED_FUNCTION = YES;
				GCC_WARN_UNUSED_VARIABLE = YES;
				IPHONEOS_DEPLOYMENT_TARGET = 14.3;
				MTL_ENABLE_DEBUG_INFO = NO;
				MTL_FAST_MATH = YES;
				SDKROOT = iphoneos;
				SWIFT_COMPILATION_MODE = wholemodule;
				SWIFT_OPTIMIZATION_LEVEL = "-O";
				VALIDATE_PRODUCT = YES;
			};
			name = Release;
		};
		4885F6EB259A2FBF00075360 /* Debug */ = {
			isa = XCBuildConfiguration;
			buildSettings = {
				ASSETCATALOG_COMPILER_APPICON_NAME = AppIcon;
				ASSETCATALOG_COMPILER_GLOBAL_ACCENT_COLOR_NAME = AccentColor;
				CODE_SIGN_STYLE = Automatic;
				DEVELOPMENT_ASSET_PATHS = "\"Demo1/Preview Content\"";
				DEVELOPMENT_TEAM = GD234ZL3PB;
				ENABLE_PREVIEWS = YES;
				INFOPLIST_FILE = Demo1/Info.plist;
				IPHONEOS_DEPLOYMENT_TARGET = 14.0;
				LD_RUNPATH_SEARCH_PATHS = (
					"$(inherited)",
					"@executable_path/Frameworks",
				);
				PRODUCT_BUNDLE_IDENTIFIER = donkervoort.nu.Demo1;
				PRODUCT_NAME = "$(TARGET_NAME)";
				SWIFT_VERSION = 5.0;
				TARGETED_DEVICE_FAMILY = "1,2";
			};
			name = Debug;
		};
		4885F6EC259A2FBF00075360 /* Release */ = {
			isa = XCBuildConfiguration;
			buildSettings = {
				ASSETCATALOG_COMPILER_APPICON_NAME = AppIcon;
				ASSETCATALOG_COMPILER_GLOBAL_ACCENT_COLOR_NAME = AccentColor;
				CODE_SIGN_STYLE = Automatic;
				DEVELOPMENT_ASSET_PATHS = "\"Demo1/Preview Content\"";
				DEVELOPMENT_TEAM = GD234ZL3PB;
				ENABLE_PREVIEWS = YES;
				INFOPLIST_FILE = Demo1/Info.plist;
				IPHONEOS_DEPLOYMENT_TARGET = 14.0;
				LD_RUNPATH_SEARCH_PATHS = (
					"$(inherited)",
					"@executable_path/Frameworks",
				);
				PRODUCT_BUNDLE_IDENTIFIER = donkervoort.nu.Demo1;
				PRODUCT_NAME = "$(TARGET_NAME)";
				SWIFT_VERSION = 5.0;
				TARGETED_DEVICE_FAMILY = "1,2";
			};
			name = Release;
		};
		4885F6EE259A2FBF00075360 /* Debug */ = {
			isa = XCBuildConfiguration;
			buildSettings = {
				ALWAYS_EMBED_SWIFT_STANDARD_LIBRARIES = YES;
				BUNDLE_LOADER = "$(TEST_HOST)";
				CODE_SIGN_STYLE = Automatic;
				DEVELOPMENT_TEAM = GD234ZL3PB;
				INFOPLIST_FILE = Demo1Tests/Info.plist;
				IPHONEOS_DEPLOYMENT_TARGET = 14.0;
				LD_RUNPATH_SEARCH_PATHS = (
					"$(inherited)",
					"@executable_path/Frameworks",
					"@loader_path/Frameworks",
				);
				PRODUCT_BUNDLE_IDENTIFIER = donkervoort.nu.Demo1Tests;
				PRODUCT_NAME = "$(TARGET_NAME)";
				SWIFT_VERSION = 5.0;
				TARGETED_DEVICE_FAMILY = "1,2";
				TEST_HOST = "$(BUILT_PRODUCTS_DIR)/Demo1.app/Demo1";
			};
			name = Debug;
		};
		4885F6EF259A2FBF00075360 /* Release */ = {
			isa = XCBuildConfiguration;
			buildSettings = {
				ALWAYS_EMBED_SWIFT_STANDARD_LIBRARIES = YES;
				BUNDLE_LOADER = "$(TEST_HOST)";
				CODE_SIGN_STYLE = Automatic;
				DEVELOPMENT_TEAM = GD234ZL3PB;
				INFOPLIST_FILE = Demo1Tests/Info.plist;
				IPHONEOS_DEPLOYMENT_TARGET = 14.0;
				LD_RUNPATH_SEARCH_PATHS = (
					"$(inherited)",
					"@executable_path/Frameworks",
					"@loader_path/Frameworks",
				);
				PRODUCT_BUNDLE_IDENTIFIER = donkervoort.nu.Demo1Tests;
				PRODUCT_NAME = "$(TARGET_NAME)";
				SWIFT_VERSION = 5.0;
				TARGETED_DEVICE_FAMILY = "1,2";
				TEST_HOST = "$(BUILT_PRODUCTS_DIR)/Demo1.app/Demo1";
			};
			name = Release;
		};
		4885F6F1259A2FBF00075360 /* Debug */ = {
			isa = XCBuildConfiguration;
			buildSettings = {
				ALWAYS_EMBED_SWIFT_STANDARD_LIBRARIES = YES;
				CODE_SIGN_STYLE = Automatic;
				DEVELOPMENT_TEAM = GD234ZL3PB;
				INFOPLIST_FILE = Demo1UITests/Info.plist;
				LD_RUNPATH_SEARCH_PATHS = (
					"$(inherited)",
					"@executable_path/Frameworks",
					"@loader_path/Frameworks",
				);
				PRODUCT_BUNDLE_IDENTIFIER = donkervoort.nu.Demo1UITests;
				PRODUCT_NAME = "$(TARGET_NAME)";
				SWIFT_VERSION = 5.0;
				TARGETED_DEVICE_FAMILY = "1,2";
				TEST_TARGET_NAME = Demo1;
			};
			name = Debug;
		};
		4885F6F2259A2FBF00075360 /* Release */ = {
			isa = XCBuildConfiguration;
			buildSettings = {
				ALWAYS_EMBED_SWIFT_STANDARD_LIBRARIES = YES;
				CODE_SIGN_STYLE = Automatic;
				DEVELOPMENT_TEAM = GD234ZL3PB;
				INFOPLIST_FILE = Demo1UITests/Info.plist;
				LD_RUNPATH_SEARCH_PATHS = (
					"$(inherited)",
					"@executable_path/Frameworks",
					"@loader_path/Frameworks",
				);
				PRODUCT_BUNDLE_IDENTIFIER = donkervoort.nu.Demo1UITests;
				PRODUCT_NAME = "$(TARGET_NAME)";
				SWIFT_VERSION = 5.0;
				TARGETED_DEVICE_FAMILY = "1,2";
				TEST_TARGET_NAME = Demo1;
			};
			name = Release;
		};
/* End XCBuildConfiguration section */

/* Begin XCConfigurationList section */
		4885F6C0259A2FBA00075360 /* Build configuration list for PBXProject "Demo1" */ = {
			isa = XCConfigurationList;
			buildConfigurations = (
				4885F6E8259A2FBF00075360 /* Debug */,
				4885F6E9259A2FBF00075360 /* Release */,
			);
			defaultConfigurationIsVisible = 0;
			defaultConfigurationName = Release;
		};
		4885F6EA259A2FBF00075360 /* Build configuration list for PBXNativeTarget "Demo1" */ = {
			isa = XCConfigurationList;
			buildConfigurations = (
				4885F6EB259A2FBF00075360 /* Debug */,
				4885F6EC259A2FBF00075360 /* Release */,
			);
			defaultConfigurationIsVisible = 0;
			defaultConfigurationName = Release;
		};
		4885F6ED259A2FBF00075360 /* Build configuration list for PBXNativeTarget "Demo1Tests" */ = {
			isa = XCConfigurationList;
			buildConfigurations = (
				4885F6EE259A2FBF00075360 /* Debug */,
				4885F6EF259A2FBF00075360 /* Release */,
			);
			defaultConfigurationIsVisible = 0;
			defaultConfigurationName = Release;
		};
		4885F6F0259A2FBF00075360 /* Build configuration list for PBXNativeTarget "Demo1UITests" */ = {
			isa = XCConfigurationList;
			buildConfigurations = (
				4885F6F1259A2FBF00075360 /* Debug */,
				4885F6F2259A2FBF00075360 /* Release */,
			);
			defaultConfigurationIsVisible = 0;
			defaultConfigurationName = Release;
		};
/* End XCConfigurationList section */
	};
	rootObject = 4885F6BD259A2FBA00075360 /* Project object */;
}
